{
  "name": "@reference-ui/core",
  "version": "0.0.1",
  "lockfileVersion": 3,
  "requires": true,
  "packages": {
    "": {
      "name": "@reference-ui/core",
      "version": "0.0.1",
      "hasInstallScript": true,
      "dependencies": {
        "@pandacss/dev": "^1.8.1",
        "@types/node": "^25.1.0",
        "bundle-n-require": "^1.1.2",
        "chokidar": "^4.0.3",
        "fast-glob": "^3.3.2",
        "tsdown": "^0.20.1"
      },
      "bin": {
        "ref": "dist/cli/index.mjs",
        "ref-sync": "dist/cli/index.mjs"
      },
      "devDependencies": {
        "@types/react": "^18.2.0",
        "@types/react-dom": "^18.2.0",
        "concurrently": "^9.1.0",
        "react": "^18.2.0",
        "react-dom": "^18.2.0",
        "typescript": "~5.9.3"
      },
      "peerDependencies": {
        "react": "^18.0.0",
        "react-dom": "^18.0.0"
      }
    },
    "../../node_modules/.pnpm/@pandacss+dev@1.8.1_hono@4.11.7_typescript@5.9.3/node_modules/@pandacss/dev": {
      "version": "1.8.1",
      "license": "MIT",
      "dependencies": {
        "@clack/prompts": "0.11.0",
        "@pandacss/config": "1.8.1",
        "@pandacss/logger": "1.8.1",
        "@pandacss/mcp": "1.8.1",
        "@pandacss/node": "1.8.1",
        "@pandacss/postcss": "1.8.1",
        "@pandacss/preset-base": "1.8.1",
        "@pandacss/preset-panda": "1.8.1",
        "@pandacss/shared": "1.8.1",
        "@pandacss/token-dictionary": "1.8.1",
        "@pandacss/types": "1.8.1",
        "cac": "6.7.14"
      },
      "bin": {
        "panda": "bin.js",
        "pandacss": "bin.js"
      },
      "devDependencies": {
        "@types/update-notifier": "6.0.8",
        "kleur": "4.1.5",
        "update-notifier": "7.3.1"
      }
    },
    "../../node_modules/.pnpm/@types+node@25.1.0/node_modules/@types/node": {
      "version": "25.1.0",
      "license": "MIT",
      "dependencies": {
        "undici-types": "~7.16.0"
      }
    },
    "../../node_modules/.pnpm/@types+react-dom@18.3.7_@types+react@18.3.27/node_modules/@types/react-dom": {
      "version": "18.3.7",
      "dev": true,
      "license": "MIT",
      "peerDependencies": {
        "@types/react": "^18.0.0"
      }
    },
    "../../node_modules/.pnpm/@types+react@18.3.27/node_modules/@types/react": {
      "version": "18.3.27",
      "dev": true,
      "license": "MIT",
      "dependencies": {
        "@types/prop-types": "*",
        "csstype": "^3.2.2"
      }
    },
    "../../node_modules/.pnpm/bundle-n-require@1.1.2/node_modules/bundle-n-require": {
      "version": "1.1.2",
      "license": "MIT",
      "dependencies": {
        "esbuild": "^0.25.1",
        "node-eval": "^2.0.0"
      },
      "devDependencies": {
        "@types/node": "^22.13.10",
        "rimraf": "^6.0.1",
        "tsup": "^8.4.0",
        "typescript": "^5.8.2"
      }
    },
    "../../node_modules/.pnpm/concurrently@9.2.1/node_modules/concurrently": {
      "version": "9.2.1",
      "dev": true,
      "license": "MIT",
      "dependencies": {
        "chalk": "4.1.2",
        "rxjs": "7.8.2",
        "shell-quote": "1.8.3",
        "supports-color": "8.1.1",
        "tree-kill": "1.2.2",
        "yargs": "17.7.2"
      },
      "bin": {
        "conc": "dist/bin/concurrently.js",
        "concurrently": "dist/bin/concurrently.js"
      },
      "devDependencies": {
        "@eslint/js": "^9.33.0",
        "@hirez_io/observer-spy": "^2.2.0",
        "@types/node": "^18.19.123",
        "@types/shell-quote": "^1.7.5",
        "@types/supports-color": "^8.1.3",
        "@types/yargs": "^17.0.33",
        "@vitest/coverage-v8": "^3.2.4",
        "@vitest/eslint-plugin": "^1.3.4",
        "coveralls-next": "^5.0.0",
        "ctrlc-wrapper": "^0.0.5",
        "esbuild": "~0.25.9",
        "eslint": "^9.33.0",
        "eslint-config-flat-gitignore": "^2.1.0",
        "eslint-config-prettier": "^10.1.8",
        "eslint-plugin-import-lite": "^0.3.0",
        "eslint-plugin-prettier": "^5.5.4",
        "eslint-plugin-simple-import-sort": "^12.1.1",
        "globals": "16.3.0",
        "husky": "^9.1.7",
        "lint-staged": "^15.5.2",
        "prettier": "^3.6.2",
        "safe-publish-latest": "^2.0.0",
        "string-argv": "^0.3.2",
        "typescript": "~5.9.2",
        "typescript-eslint": "^8.40.0",
        "vitest": "^3.2.4"
      },
      "engines": {
        "node": ">=18"
      },
      "funding": {
        "url": "https://github.com/open-cli-tools/concurrently?sponsor=1"
      }
    },
    "../../node_modules/.pnpm/fast-glob@3.3.3/node_modules/fast-glob": {
      "version": "3.3.3",
      "license": "MIT",
      "dependencies": {
        "@nodelib/fs.stat": "^2.0.2",
        "@nodelib/fs.walk": "^1.2.3",
        "glob-parent": "^5.1.2",
        "merge2": "^1.3.0",
        "micromatch": "^4.0.8"
      },
      "devDependencies": {
        "@nodelib/fs.macchiato": "^1.0.1",
        "@types/glob-parent": "^5.1.0",
        "@types/merge2": "^1.1.4",
        "@types/micromatch": "^4.0.0",
        "@types/mocha": "^5.2.7",
        "@types/node": "^14.18.53",
        "@types/picomatch": "^2.3.0",
        "@types/sinon": "^7.5.0",
        "bencho": "^0.1.1",
        "eslint": "^6.5.1",
        "eslint-config-mrmlnc": "^1.1.0",
        "execa": "^7.1.1",
        "fast-glob": "^3.0.4",
        "fdir": "6.0.1",
        "glob": "^10.0.0",
        "hereby": "^1.8.1",
        "mocha": "^6.2.1",
        "rimraf": "^5.0.0",
        "sinon": "^7.5.0",
        "snap-shot-it": "^7.9.10",
        "typescript": "^4.9.5"
      },
      "engines": {
        "node": ">=8.6.0"
      }
    },
    "../../node_modules/.pnpm/react-dom@18.3.1_react@18.3.1/node_modules/react-dom": {
      "version": "18.3.1",
      "dev": true,
      "license": "MIT",
      "dependencies": {
        "loose-envify": "^1.1.0",
        "scheduler": "^0.23.2"
      },
      "peerDependencies": {
        "react": "^18.3.1"
      }
    },
    "../../node_modules/.pnpm/react@18.3.1/node_modules/react": {
      "version": "18.3.1",
      "dev": true,
      "license": "MIT",
      "dependencies": {
        "loose-envify": "^1.1.0"
      },
      "engines": {
        "node": ">=0.10.0"
      }
    },
    "../../node_modules/.pnpm/tsdown@0.20.1_typescript@5.9.3/node_modules/tsdown": {
      "version": "0.20.1",
      "license": "MIT",
      "dependencies": {
        "ansis": "^4.2.0",
        "cac": "^6.7.14",
        "defu": "^6.1.4",
        "empathic": "^2.0.0",
        "hookable": "^6.0.1",
        "import-without-cache": "^0.2.5",
        "obug": "^2.1.1",
        "picomatch": "^4.0.3",
        "rolldown": "1.0.0-rc.1",
        "rolldown-plugin-dts": "^0.21.5",
        "semver": "^7.7.3",
        "tinyexec": "^1.0.2",
        "tinyglobby": "^0.2.15",
        "tree-kill": "^1.2.2",
        "unconfig-core": "^7.4.2",
        "unrun": "^0.2.26"
      },
      "bin": {
        "tsdown": "dist/run.mjs"
      },
      "devDependencies": {
        "@arethetypeswrong/core": "^0.18.2",
        "@sxzz/eslint-config": "^7.5.0",
        "@sxzz/prettier-config": "^2.2.6",
        "@sxzz/test-utils": "^0.5.15",
        "@types/node": "^25.0.10",
        "@types/picomatch": "^4.0.2",
        "@types/semver": "^7.7.1",
        "@typescript/native-preview": "7.0.0-dev.20260122.3",
        "@unocss/eslint-plugin": "^66.6.0",
        "@vitejs/devtools": "^0.0.0-alpha.26",
        "@vitest/coverage-v8": "^4.0.18",
        "@vitest/ui": "^4.0.18",
        "@vueuse/core": "^14.1.0",
        "bumpp": "^10.4.0",
        "dedent": "^1.7.1",
        "eslint": "^9.39.2",
        "is-in-ci": "^2.0.0",
        "lightningcss": "^1.31.1",
        "memfs": "^4.56.9",
        "pkg-types": "^2.3.0",
        "prettier": "^3.8.1",
        "publint": "^0.3.17",
        "rolldown-plugin-dts-snapshot": "^0.3.2",
        "rolldown-plugin-require-cjs": "^0.3.3",
        "typescript": "~5.9.3",
        "unocss": "^66.6.0",
        "unplugin-ast": "^0.16.0",
        "unplugin-lightningcss": "^0.4.5",
        "unplugin-unused": "^0.5.7",
        "vite": "^8.0.0-beta.9",
        "vitest": "^4.0.18"
      },
      "engines": {
        "node": ">=20.19.0"
      },
      "funding": {
        "url": "https://github.com/sponsors/sxzz"
      },
      "peerDependencies": {
        "@arethetypeswrong/core": "^0.18.1",
        "@vitejs/devtools": "*",
        "publint": "^0.3.0",
        "typescript": "^5.0.0",
        "unplugin-lightningcss": "^0.4.0",
        "unplugin-unused": "^0.5.0"
      },
      "peerDependenciesMeta": {
        "@arethetypeswrong/core": {
          "optional": true
        },
        "@vitejs/devtools": {
          "optional": true
        },
        "publint": {
          "optional": true
        },
        "typescript": {
          "optional": true
        },
        "unplugin-lightningcss": {
          "optional": true
        },
        "unplugin-unused": {
          "optional": true
        }
      }
    },
    "../../node_modules/.pnpm/typescript@5.9.3/node_modules/typescript": {
      "version": "5.9.3",
      "dev": true,
      "license": "Apache-2.0",
      "bin": {
        "tsc": "bin/tsc",
        "tsserver": "bin/tsserver"
      },
      "devDependencies": {
        "@dprint/formatter": "^0.4.1",
        "@dprint/typescript": "0.93.4",
        "@esfx/canceltoken": "^1.0.0",
        "@eslint/js": "^9.20.0",
        "@octokit/rest": "^21.1.1",
        "@types/chai": "^4.3.20",
        "@types/diff": "^7.0.1",
        "@types/minimist": "^1.2.5",
        "@types/mocha": "^10.0.10",
        "@types/ms": "^0.7.34",
        "@types/node": "latest",
        "@types/source-map-support": "^0.5.10",
        "@types/which": "^3.0.4",
        "@typescript-eslint/rule-tester": "^8.24.1",
        "@typescript-eslint/type-utils": "^8.24.1",
        "@typescript-eslint/utils": "^8.24.1",
        "azure-devops-node-api": "^14.1.0",
        "c8": "^10.1.3",
        "chai": "^4.5.0",
        "chokidar": "^4.0.3",
        "diff": "^7.0.0",
        "dprint": "^0.49.0",
        "esbuild": "^0.25.0",
        "eslint": "^9.20.1",
        "eslint-formatter-autolinkable-stylish": "^1.4.0",
        "eslint-plugin-regexp": "^2.7.0",
        "fast-xml-parser": "^4.5.2",
        "glob": "^10.4.5",
        "globals": "^15.15.0",
        "hereby": "^1.10.0",
        "jsonc-parser": "^3.3.1",
        "knip": "^5.44.4",
        "minimist": "^1.2.8",
        "mocha": "^10.8.2",
        "mocha-fivemat-progress-reporter": "^0.1.0",
        "monocart-coverage-reports": "^2.12.1",
        "ms": "^2.1.3",
        "picocolors": "^1.1.1",
        "playwright": "^1.50.1",
        "source-map-support": "^0.5.21",
        "tslib": "^2.8.1",
        "typescript": "^5.7.3",
        "typescript-eslint": "^8.24.1",
        "which": "^3.0.1"
      },
      "engines": {
        "node": ">=14.17"
      }
    },
    "node_modules/@pandacss/dev": {
      "resolved": "../../node_modules/.pnpm/@pandacss+dev@1.8.1_hono@4.11.7_typescript@5.9.3/node_modules/@pandacss/dev",
      "link": true
    },
    "node_modules/@types/node": {
      "resolved": "../../node_modules/.pnpm/@types+node@25.1.0/node_modules/@types/node",
      "link": true
    },
    "node_modules/@types/react": {
      "resolved": "../../node_modules/.pnpm/@types+react@18.3.27/node_modules/@types/react",
      "link": true
    },
    "node_modules/@types/react-dom": {
      "resolved": "../../node_modules/.pnpm/@types+react-dom@18.3.7_@types+react@18.3.27/node_modules/@types/react-dom",
      "link": true
    },
    "node_modules/bundle-n-require": {
      "resolved": "../../node_modules/.pnpm/bundle-n-require@1.1.2/node_modules/bundle-n-require",
      "link": true
    },
    "node_modules/chokidar": {
      "version": "4.0.3",
      "resolved": "https://registry.npmjs.org/chokidar/-/chokidar-4.0.3.tgz",
      "integrity": "sha512-Qgzu8kfBvo+cA4962jnP1KkS6Dop5NS6g7R5LFYJr4b8Ub94PPQXUksCw9PvXoeXPRRddRNC5C1JQUR2SMGtnA==",
      "license": "MIT",
      "dependencies": {
        "readdirp": "^4.0.1"
      },
      "engines": {
        "node": ">= 14.16.0"
      },
      "funding": {
        "url": "https://paulmillr.com/funding/"
      }
    },
    "node_modules/concurrently": {
      "resolved": "../../node_modules/.pnpm/concurrently@9.2.1/node_modules/concurrently",
      "link": true
    },
    "node_modules/fast-glob": {
      "resolved": "../../node_modules/.pnpm/fast-glob@3.3.3/node_modules/fast-glob",
      "link": true
    },
    "node_modules/react": {
      "resolved": "../../node_modules/.pnpm/react@18.3.1/node_modules/react",
      "link": true
    },
    "node_modules/react-dom": {
      "resolved": "../../node_modules/.pnpm/react-dom@18.3.1_react@18.3.1/node_modules/react-dom",
      "link": true
    },
    "node_modules/readdirp": {
      "version": "4.1.2",
      "resolved": "https://registry.npmjs.org/readdirp/-/readdirp-4.1.2.tgz",
      "integrity": "sha512-GDhwkLfywWL2s6vEjyhri+eXmfH6j1L7JE27WhqLeYzoh/A3DBaYGEj2H/HFZCn/kMfim73FXxEJTw06WtxQwg==",
      "license": "MIT",
      "engines": {
        "node": ">= 14.18.0"
      },
      "funding": {
        "type": "individual",
        "url": "https://paulmillr.com/funding/"
      }
    },
    "node_modules/tsdown": {
      "resolved": "../../node_modules/.pnpm/tsdown@0.20.1_typescript@5.9.3/node_modules/tsdown",
      "link": true
    },
    "node_modules/typescript": {
      "resolved": "../../node_modules/.pnpm/typescript@5.9.3/node_modules/typescript",
      "link": true
    }
  }
}
